
Microsoft Visual Studio Solution File, Format Version 12.00
# Visual Studio Version 17
VisualStudioVersion = 17.11.35327.3
MinimumVisualStudioVersion = 10.0.40219.1
Project("{FAE04EC0-301F-11D3-BF4B-00C04F79EFBC}") = "Zadanie1", "Zadanie1\Zadanie1.csproj", "{4528F3A7-A4DB-4D49-ACC6-613104615E8C}"
EndProject
Project("{FAE04EC0-301F-11D3-BF4B-00C04F79EFBC}") = "Zadanie2", "Zadanie2\Zadanie2.csproj", "{D09BB363-3D6D-4CF1-9899-2B63268C015E}"
EndProject
Project("{FAE04EC0-301F-11D3-BF4B-00C04F79EFBC}") = "Zadanie3", "Zadanie3\Zadanie3.csproj", "{4D63446C-DD87-4D74-A4FD-12B6921616AE}"
EndProject
Project("{FAE04EC0-301F-11D3-BF4B-00C04F79EFBC}") = "Zadanie4", "Zadanie4\Zadanie4.csproj", "{895A7E2C-317F-4561-9E73-2E0F5AD20337}"
EndProject
Global
	GlobalSection(SolutionConfigurationPlatforms) = preSolution
		Debug|Any CPU = Debug|Any CPU
		Release|Any CPU = Release|Any CPU
	EndGlobalSection
	GlobalSection(ProjectConfigurationPlatforms) = postSolution
		{4528F3A7-A4DB-4D49-ACC6-613104615E8C}.Debug|Any CPU.ActiveCfg = Debug|Any CPU
		{4528F3A7-A4DB-4D49-ACC6-613104615E8C}.Debug|Any CPU.Build.0 = Debug|Any CPU
		{4528F3A7-A4DB-4D49-ACC6-613104615E8C}.Release|Any CPU.ActiveCfg = Release|Any CPU
		{4528F3A7-A4DB-4D49-ACC6-613104615E8C}.Release|Any CPU.Build.0 = Release|Any CPU
		{D09BB363-3D6D-4CF1-9899-2B63268C015E}.Debug|Any CPU.ActiveCfg = Debug|Any CPU
		{D09BB363-3D6D-4CF1-9899-2B63268C015E}.Debug|Any CPU.Build.0 = Debug|Any CPU
		{D09BB363-3D6D-4CF1-9899-2B63268C015E}.Release|Any CPU.ActiveCfg = Release|Any CPU
		{D09BB363-3D6D-4CF1-9899-2B63268C015E}.Release|Any CPU.Build.0 = Release|Any CPU
		{4D63446C-DD87-4D74-A4FD-12B6921616AE}.Debug|Any CPU.ActiveCfg = Debug|Any CPU
		{4D63446C-DD87-4D74-A4FD-12B6921616AE}.Debug|Any CPU.Build.0 = Debug|Any CPU
		{4D63446C-DD87-4D74-A4FD-12B6921616AE}.Release|Any CPU.ActiveCfg = Release|Any CPU
		{4D63446C-DD87-4D74-A4FD-12B6921616AE}.Release|Any CPU.Build.0 = Release|Any CPU
		{895A7E2C-317F-4561-9E73-2E0F5AD20337}.Debug|Any CPU.ActiveCfg = Debug|Any CPU
		{895A7E2C-317F-4561-9E73-2E0F5AD20337}.Debug|Any CPU.Build.0 = Debug|Any CPU
		{895A7E2C-317F-4561-9E73-2E0F5AD20337}.Release|Any CPU.ActiveCfg = Release|Any CPU
		{895A7E2C-317F-4561-9E73-2E0F5AD20337}.Release|Any CPU.Build.0 = Release|Any CPU
	EndGlobalSection
	GlobalSection(SolutionProperties) = preSolution
		HideSolutionNode = FALSE
	EndGlobalSection
	GlobalSection(ExtensibilityGlobals) = postSolution
		SolutionGuid = {31EC86BF-C3EC-4C25-B310-D56D4842B0EE}
	EndGlobalSection
EndGlobal
